
Microsoft Visual Studio Solution File, Format Version 12.00
# Visual Studio Version 17
VisualStudioVersion = 17.1.32328.378
MinimumVisualStudioVersion = 10.0.40219.1
Project("{FAE04EC0-301F-11D3-BF4B-00C04F79EFBC}") = "QAPlayer", "QAPlayer\QAPlayer.csproj", "{02D68DEE-ABA1-40D6-88EC-707BF3A466AA}"
EndProject
Global
	GlobalSection(SolutionConfigurationPlatforms) = preSolution
		Debug|Any CPU = Debug|Any CPU
		Release|Any CPU = Release|Any CPU
	EndGlobalSection
	GlobalSection(ProjectConfigurationPlatforms) = postSolution
		{02D68DEE-ABA1-40D6-88EC-707BF3A466AA}.Debug|Any CPU.ActiveCfg = Debug|Any CPU
		{02D68DEE-ABA1-40D6-88EC-707BF3A466AA}.Debug|Any CPU.Build.0 = Debug|Any CPU
		{02D68DEE-ABA1-40D6-88EC-707BF3A466AA}.Release|Any CPU.ActiveCfg = Release|Any CPU
	EndGlobalSection
	GlobalSection(SolutionProperties) = preSolution
		HideSolutionNode = FALSE
	EndGlobalSection
	GlobalSection(ExtensibilityGlobals) = postSolution
		SolutionGuid = {63AFBF9D-711E-4467-9911-C20D1C32D215}
	EndGlobalSection
EndGlobal
